// !$*UTF8*$!
{
	archiveVersion = 1;
	classes = {
	};
	objectVersion = 56;
	objects = {

/* Begin PBXBuildFile section */
		45668FEB2A8A9C320034C7C4 /* AppDelegate.swift in Sources */ = {isa = PBXBuildFile; fileRef = 45668FEA2A8A9C320034C7C4 /* AppDelegate.swift */; };
		45668FED2A8A9C320034C7C4 /* SceneDelegate.swift in Sources */ = {isa = PBXBuildFile; fileRef = 45668FEC2A8A9C320034C7C4 /* SceneDelegate.swift */; };
		45668FEF2A8A9C320034C7C4 /* SearchViewController.swift in Sources */ = {isa = PBXBuildFile; fileRef = 45668FEE2A8A9C320034C7C4 /* SearchViewController.swift */; };
		45668FF22A8A9C320034C7C4 /* Main.storyboard in Resources */ = {isa = PBXBuildFile; fileRef = 45668FF02A8A9C320034C7C4 /* Main.storyboard */; };
		45668FF52A8A9C320034C7C4 /* Star_Wars_Encyclopedia.xcdatamodeld in Sources */ = {isa = PBXBuildFile; fileRef = 45668FF32A8A9C320034C7C4 /* Star_Wars_Encyclopedia.xcdatamodeld */; };
		45668FF72A8A9C3D0034C7C4 /* Assets.xcassets in Resources */ = {isa = PBXBuildFile; fileRef = 45668FF62A8A9C3D0034C7C4 /* Assets.xcassets */; };
		45668FFA2A8A9C3D0034C7C4 /* LaunchScreen.storyboard in Resources */ = {isa = PBXBuildFile; fileRef = 45668FF82A8A9C3D0034C7C4 /* LaunchScreen.storyboard */; };
		456690022A8A9EA80034C7C4 /* AppCoordinator.swift in Sources */ = {isa = PBXBuildFile; fileRef = 456690012A8A9EA70034C7C4 /* AppCoordinator.swift */; };
		456690042A8A9ED10034C7C4 /* AppFactory.swift in Sources */ = {isa = PBXBuildFile; fileRef = 456690032A8A9ED10034C7C4 /* AppFactory.swift */; };
		456690062A8AA3340034C7C4 /* Module.swift in Sources */ = {isa = PBXBuildFile; fileRef = 456690052A8AA3340034C7C4 /* Module.swift */; };
		456690082A8AA3930034C7C4 /* Coordinatable.swift in Sources */ = {isa = PBXBuildFile; fileRef = 456690072A8AA3930034C7C4 /* Coordinatable.swift */; };
		4566900A2A8AA3CE0034C7C4 /* SearchViewModel.swift in Sources */ = {isa = PBXBuildFile; fileRef = 456690092A8AA3CE0034C7C4 /* SearchViewModel.swift */; };
		4566900C2A8AA43E0034C7C4 /* NetworkManager.swift in Sources */ = {isa = PBXBuildFile; fileRef = 4566900B2A8AA43E0034C7C4 /* NetworkManager.swift */; };
		4566900E2A8AA4640034C7C4 /* CoreDataManager.swift in Sources */ = {isa = PBXBuildFile; fileRef = 4566900D2A8AA4640034C7C4 /* CoreDataManager.swift */; };
		456690102A8AA53C0034C7C4 /* FavoritesViewController.swift in Sources */ = {isa = PBXBuildFile; fileRef = 4566900F2A8AA53C0034C7C4 /* FavoritesViewController.swift */; };
		456690122A8AA6D40034C7C4 /* TabBarController.swift in Sources */ = {isa = PBXBuildFile; fileRef = 456690112A8AA6D40034C7C4 /* TabBarController.swift */; };
		456690152A8AA7240034C7C4 /* ViewControllerExtensions.swift in Sources */ = {isa = PBXBuildFile; fileRef = 456690142A8AA7240034C7C4 /* ViewControllerExtensions.swift */; };
		456690172A8AA7670034C7C4 /* Color + Extensions.swift in Sources */ = {isa = PBXBuildFile; fileRef = 456690162A8AA7670034C7C4 /* Color + Extensions.swift */; };
		456690192A8AA7B00034C7C4 /* SearchCoordinator.swift in Sources */ = {isa = PBXBuildFile; fileRef = 456690182A8AA7AF0034C7C4 /* SearchCoordinator.swift */; };
		4566901D2A8AA8360034C7C4 /* FavoritesCoordinator.swift in Sources */ = {isa = PBXBuildFile; fileRef = 4566901C2A8AA8360034C7C4 /* FavoritesCoordinator.swift */; };
		6EA3C99254A83F5DA0574722 /* Pods_Star_Wars_Encyclopedia.framework in Frameworks */ = {isa = PBXBuildFile; fileRef = FA197E3192021E50C976D535 /* Pods_Star_Wars_Encyclopedia.framework */; };
		8437C39F2A8DD3F600F8DDCD /* FavoriteViewModel.swift in Sources */ = {isa = PBXBuildFile; fileRef = 8437C39E2A8DD3F600F8DDCD /* FavoriteViewModel.swift */; };
		8437C3A12A8DDF7800F8DDCD /* StarshipsTableViewCell.swift in Sources */ = {isa = PBXBuildFile; fileRef = 8437C3A02A8DDF7800F8DDCD /* StarshipsTableViewCell.swift */; };
		84E3F50D2A8D466300D91A7E /* NetworkModel.swift in Sources */ = {isa = PBXBuildFile; fileRef = 84E3F50C2A8D466300D91A7E /* NetworkModel.swift */; };
		84E3F50F2A8D489900D91A7E /* SearchListCollectionViewCell.swift in Sources */ = {isa = PBXBuildFile; fileRef = 84E3F50E2A8D489900D91A7E /* SearchListCollectionViewCell.swift */; };
		84E3F5112A8D490000D91A7E /* CustomLabel.swift in Sources */ = {isa = PBXBuildFile; fileRef = 84E3F5102A8D490000D91A7E /* CustomLabel.swift */; };
/* End PBXBuildFile section */

/* Begin PBXFileReference section */
		45668FE72A8A9C320034C7C4 /* Star Wars Encyclopedia.app */ = {isa = PBXFileReference; explicitFileType = wrapper.application; includeInIndex = 0; path = "Star Wars Encyclopedia.app"; sourceTree = BUILT_PRODUCTS_DIR; };
		45668FEA2A8A9C320034C7C4 /* AppDelegate.swift */ = {isa = PBXFileReference; lastKnownFileType = sourcecode.swift; path = AppDelegate.swift; sourceTree = "<group>"; };
		45668FEC2A8A9C320034C7C4 /* SceneDelegate.swift */ = {isa = PBXFileReference; lastKnownFileType = sourcecode.swift; path = SceneDelegate.swift; sourceTree = "<group>"; };
		45668FEE2A8A9C320034C7C4 /* SearchViewController.swift */ = {isa = PBXFileReference; lastKnownFileType = sourcecode.swift; path = SearchViewController.swift; sourceTree = "<group>"; };
		45668FF12A8A9C320034C7C4 /* Base */ = {isa = PBXFileReference; lastKnownFileType = file.storyboard; name = Base; path = Base.lproj/Main.storyboard; sourceTree = "<group>"; };
		45668FF42A8A9C320034C7C4 /* Star_Wars_Encyclopedia.xcdatamodel */ = {isa = PBXFileReference; lastKnownFileType = wrapper.xcdatamodel; path = Star_Wars_Encyclopedia.xcdatamodel; sourceTree = "<group>"; };
		45668FF62A8A9C3D0034C7C4 /* Assets.xcassets */ = {isa = PBXFileReference; lastKnownFileType = folder.assetcatalog; path = Assets.xcassets; sourceTree = "<group>"; };
		45668FF92A8A9C3D0034C7C4 /* Base */ = {isa = PBXFileReference; lastKnownFileType = file.storyboard; name = Base; path = Base.lproj/LaunchScreen.storyboard; sourceTree = "<group>"; };
		45668FFB2A8A9C3D0034C7C4 /* Info.plist */ = {isa = PBXFileReference; lastKnownFileType = text.plist.xml; path = Info.plist; sourceTree = "<group>"; };
		456690012A8A9EA70034C7C4 /* AppCoordinator.swift */ = {isa = PBXFileReference; lastKnownFileType = sourcecode.swift; path = AppCoordinator.swift; sourceTree = "<group>"; };
		456690032A8A9ED10034C7C4 /* AppFactory.swift */ = {isa = PBXFileReference; lastKnownFileType = sourcecode.swift; path = AppFactory.swift; sourceTree = "<group>"; };
		456690052A8AA3340034C7C4 /* Module.swift */ = {isa = PBXFileReference; lastKnownFileType = sourcecode.swift; path = Module.swift; sourceTree = "<group>"; };
		456690072A8AA3930034C7C4 /* Coordinatable.swift */ = {isa = PBXFileReference; lastKnownFileType = sourcecode.swift; path = Coordinatable.swift; sourceTree = "<group>"; };
		456690092A8AA3CE0034C7C4 /* SearchViewModel.swift */ = {isa = PBXFileReference; lastKnownFileType = sourcecode.swift; path = SearchViewModel.swift; sourceTree = "<group>"; };
		4566900B2A8AA43E0034C7C4 /* NetworkManager.swift */ = {isa = PBXFileReference; lastKnownFileType = sourcecode.swift; path = NetworkManager.swift; sourceTree = "<group>"; };
		4566900D2A8AA4640034C7C4 /* CoreDataManager.swift */ = {isa = PBXFileReference; lastKnownFileType = sourcecode.swift; path = CoreDataManager.swift; sourceTree = "<group>"; };
		4566900F2A8AA53C0034C7C4 /* FavoritesViewController.swift */ = {isa = PBXFileReference; lastKnownFileType = sourcecode.swift; path = FavoritesViewController.swift; sourceTree = "<group>"; };
		456690112A8AA6D40034C7C4 /* TabBarController.swift */ = {isa = PBXFileReference; lastKnownFileType = sourcecode.swift; path = TabBarController.swift; sourceTree = "<group>"; };
		456690142A8AA7240034C7C4 /* ViewControllerExtensions.swift */ = {isa = PBXFileReference; lastKnownFileType = sourcecode.swift; path = ViewControllerExtensions.swift; sourceTree = "<group>"; };
		456690162A8AA7670034C7C4 /* Color + Extensions.swift */ = {isa = PBXFileReference; lastKnownFileType = sourcecode.swift; path = "Color + Extensions.swift"; sourceTree = "<group>"; };
		456690182A8AA7AF0034C7C4 /* SearchCoordinator.swift */ = {isa = PBXFileReference; lastKnownFileType = sourcecode.swift; path = SearchCoordinator.swift; sourceTree = "<group>"; };
		4566901C2A8AA8360034C7C4 /* FavoritesCoordinator.swift */ = {isa = PBXFileReference; lastKnownFileType = sourcecode.swift; path = FavoritesCoordinator.swift; sourceTree = "<group>"; };
		6A889D8038BD10F3388849F9 /* Pods-Star Wars Encyclopedia.debug.xcconfig */ = {isa = PBXFileReference; includeInIndex = 1; lastKnownFileType = text.xcconfig; name = "Pods-Star Wars Encyclopedia.debug.xcconfig"; path = "Target Support Files/Pods-Star Wars Encyclopedia/Pods-Star Wars Encyclopedia.debug.xcconfig"; sourceTree = "<group>"; };
		8437C39E2A8DD3F600F8DDCD /* FavoriteViewModel.swift */ = {isa = PBXFileReference; lastKnownFileType = sourcecode.swift; path = FavoriteViewModel.swift; sourceTree = "<group>"; };
		8437C3A02A8DDF7800F8DDCD /* StarshipsTableViewCell.swift */ = {isa = PBXFileReference; lastKnownFileType = sourcecode.swift; path = StarshipsTableViewCell.swift; sourceTree = "<group>"; };
		84E3F50C2A8D466300D91A7E /* NetworkModel.swift */ = {isa = PBXFileReference; lastKnownFileType = sourcecode.swift; path = NetworkModel.swift; sourceTree = "<group>"; };
		84E3F50E2A8D489900D91A7E /* SearchListCollectionViewCell.swift */ = {isa = PBXFileReference; lastKnownFileType = sourcecode.swift; path = SearchListCollectionViewCell.swift; sourceTree = "<group>"; };
		84E3F5102A8D490000D91A7E /* CustomLabel.swift */ = {isa = PBXFileReference; lastKnownFileType = sourcecode.swift; path = CustomLabel.swift; sourceTree = "<group>"; };
		DD0630ACCC7A9937BDA3D7D0 /* Pods-Star Wars Encyclopedia.release.xcconfig */ = {isa = PBXFileReference; includeInIndex = 1; lastKnownFileType = text.xcconfig; name = "Pods-Star Wars Encyclopedia.release.xcconfig"; path = "Target Support Files/Pods-Star Wars Encyclopedia/Pods-Star Wars Encyclopedia.release.xcconfig"; sourceTree = "<group>"; };
		FA197E3192021E50C976D535 /* Pods_Star_Wars_Encyclopedia.framework */ = {isa = PBXFileReference; explicitFileType = wrapper.framework; includeInIndex = 0; path = Pods_Star_Wars_Encyclopedia.framework; sourceTree = BUILT_PRODUCTS_DIR; };
/* End PBXFileReference section */

/* Begin PBXFrameworksBuildPhase section */
		45668FE42A8A9C320034C7C4 /* Frameworks */ = {
			isa = PBXFrameworksBuildPhase;
			buildActionMask = 2147483647;
			files = (
				6EA3C99254A83F5DA0574722 /* Pods_Star_Wars_Encyclopedia.framework in Frameworks */,
			);
			runOnlyForDeploymentPostprocessing = 0;
		};
/* End PBXFrameworksBuildPhase section */

/* Begin PBXGroup section */
		0C2C2D224333A559CF948C30 /* Frameworks */ = {
			isa = PBXGroup;
			children = (
				FA197E3192021E50C976D535 /* Pods_Star_Wars_Encyclopedia.framework */,
			);
			name = Frameworks;
			sourceTree = "<group>";
		};
		45668FDE2A8A9C320034C7C4 = {
			isa = PBXGroup;
			children = (
				45668FE92A8A9C320034C7C4 /* Star Wars Encyclopedia */,
				45668FE82A8A9C320034C7C4 /* Products */,
				982BF2A0C0525B3905C6C5B8 /* Pods */,
				0C2C2D224333A559CF948C30 /* Frameworks */,
			);
			sourceTree = "<group>";
		};
		45668FE82A8A9C320034C7C4 /* Products */ = {
			isa = PBXGroup;
			children = (
				45668FE72A8A9C320034C7C4 /* Star Wars Encyclopedia.app */,
			);
			name = Products;
			sourceTree = "<group>";
		};
		45668FE92A8A9C320034C7C4 /* Star Wars Encyclopedia */ = {
			isa = PBXGroup;
			children = (
				45668FEA2A8A9C320034C7C4 /* AppDelegate.swift */,
				45668FEC2A8A9C320034C7C4 /* SceneDelegate.swift */,
				84E3F50B2A8BE27C00D91A7E /* AppFiles */,
				4566901A2A8AA7F90034C7C4 /* Search */,
				4566901B2A8AA8150034C7C4 /* Favorites */,
				8437C3A22A8DF52300F8DDCD /* Network */,
				8437C3A32A8DF5E100F8DDCD /* CoreData */,
				456690132A8AA7010034C7C4 /* Extensions */,
				45668FF02A8A9C320034C7C4 /* Main.storyboard */,
				45668FF62A8A9C3D0034C7C4 /* Assets.xcassets */,
				45668FF82A8A9C3D0034C7C4 /* LaunchScreen.storyboard */,
				45668FFB2A8A9C3D0034C7C4 /* Info.plist */,
			);
			path = "Star Wars Encyclopedia";
			sourceTree = "<group>";
		};
		456690132A8AA7010034C7C4 /* Extensions */ = {
			isa = PBXGroup;
			children = (
				456690142A8AA7240034C7C4 /* ViewControllerExtensions.swift */,
				456690162A8AA7670034C7C4 /* Color + Extensions.swift */,
				84E3F5102A8D490000D91A7E /* CustomLabel.swift */,
			);
			path = Extensions;
			sourceTree = "<group>";
		};
		4566901A2A8AA7F90034C7C4 /* Search */ = {
			isa = PBXGroup;
			children = (
				45668FEE2A8A9C320034C7C4 /* SearchViewController.swift */,
				84E3F50E2A8D489900D91A7E /* SearchListCollectionViewCell.swift */,
				8437C3A02A8DDF7800F8DDCD /* StarshipsTableViewCell.swift */,
				456690182A8AA7AF0034C7C4 /* SearchCoordinator.swift */,
				456690092A8AA3CE0034C7C4 /* SearchViewModel.swift */,
			);
			path = Search;
			sourceTree = "<group>";
		};
		4566901B2A8AA8150034C7C4 /* Favorites */ = {
			isa = PBXGroup;
			children = (
				4566900F2A8AA53C0034C7C4 /* FavoritesViewController.swift */,
				8437C39E2A8DD3F600F8DDCD /* FavoriteViewModel.swift */,
				4566901C2A8AA8360034C7C4 /* FavoritesCoordinator.swift */,
			);
			path = Favorites;
			sourceTree = "<group>";
		};
		8437C3A22A8DF52300F8DDCD /* Network */ = {
			isa = PBXGroup;
			children = (
				4566900B2A8AA43E0034C7C4 /* NetworkManager.swift */,
				84E3F50C2A8D466300D91A7E /* NetworkModel.swift */,
			);
			path = Network;
			sourceTree = "<group>";
		};
		8437C3A32A8DF5E100F8DDCD /* CoreData */ = {
			isa = PBXGroup;
			children = (
				4566900D2A8AA4640034C7C4 /* CoreDataManager.swift */,
				45668FF32A8A9C320034C7C4 /* Star_Wars_Encyclopedia.xcdatamodeld */,
			);
			path = CoreData;
			sourceTree = "<group>";
		};
		84E3F50B2A8BE27C00D91A7E /* AppFiles */ = {
			isa = PBXGroup;
			children = (
				456690012A8A9EA70034C7C4 /* AppCoordinator.swift */,
				456690032A8A9ED10034C7C4 /* AppFactory.swift */,
				456690112A8AA6D40034C7C4 /* TabBarController.swift */,
				456690052A8AA3340034C7C4 /* Module.swift */,
				456690072A8AA3930034C7C4 /* Coordinatable.swift */,
			);
			path = AppFiles;
			sourceTree = "<group>";
		};
		982BF2A0C0525B3905C6C5B8 /* Pods */ = {
			isa = PBXGroup;
			children = (
				6A889D8038BD10F3388849F9 /* Pods-Star Wars Encyclopedia.debug.xcconfig */,
				DD0630ACCC7A9937BDA3D7D0 /* Pods-Star Wars Encyclopedia.release.xcconfig */,
			);
			path = Pods;
			sourceTree = "<group>";
		};
/* End PBXGroup section */

/* Begin PBXNativeTarget section */
		45668FE62A8A9C320034C7C4 /* Star Wars Encyclopedia */ = {
			isa = PBXNativeTarget;
			buildConfigurationList = 45668FFE2A8A9C3D0034C7C4 /* Build configuration list for PBXNativeTarget "Star Wars Encyclopedia" */;
			buildPhases = (
				FCE2B4285FDC828E6D9E80E1 /* [CP] Check Pods Manifest.lock */,
				45668FE32A8A9C320034C7C4 /* Sources */,
				45668FE42A8A9C320034C7C4 /* Frameworks */,
				45668FE52A8A9C320034C7C4 /* Resources */,
				207C5F4D6CFA6B99E3D5B046 /* [CP] Embed Pods Frameworks */,
			);
			buildRules = (
			);
			dependencies = (
			);
			name = "Star Wars Encyclopedia";
			productName = "Star Wars Encyclopedia";
			productReference = 45668FE72A8A9C320034C7C4 /* Star Wars Encyclopedia.app */;
			productType = "com.apple.product-type.application";
		};
/* End PBXNativeTarget section */

/* Begin PBXProject section */
		45668FDF2A8A9C320034C7C4 /* Project object */ = {
			isa = PBXProject;
			attributes = {
				BuildIndependentTargetsInParallel = 1;
				LastSwiftUpdateCheck = 1410;
				LastUpgradeCheck = 1410;
				TargetAttributes = {
					45668FE62A8A9C320034C7C4 = {
						CreatedOnToolsVersion = 14.1;
					};
				};
			};
			buildConfigurationList = 45668FE22A8A9C320034C7C4 /* Build configuration list for PBXProject "Star Wars Encyclopedia" */;
			compatibilityVersion = "Xcode 14.0";
			developmentRegion = en;
			hasScannedForEncodings = 0;
			knownRegions = (
				en,
				Base,
			);
			mainGroup = 45668FDE2A8A9C320034C7C4;
			productRefGroup = 45668FE82A8A9C320034C7C4 /* Products */;
			projectDirPath = "";
			projectRoot = "";
			targets = (
				45668FE62A8A9C320034C7C4 /* Star Wars Encyclopedia */,
			);
		};
/* End PBXProject section */

/* Begin PBXResourcesBuildPhase section */
		45668FE52A8A9C320034C7C4 /* Resources */ = {
			isa = PBXResourcesBuildPhase;
			buildActionMask = 2147483647;
			files = (
				45668FFA2A8A9C3D0034C7C4 /* LaunchScreen.storyboard in Resources */,
				45668FF72A8A9C3D0034C7C4 /* Assets.xcassets in Resources */,
				45668FF22A8A9C320034C7C4 /* Main.storyboard in Resources */,
			);
			runOnlyForDeploymentPostprocessing = 0;
		};
/* End PBXResourcesBuildPhase section */

/* Begin PBXShellScriptBuildPhase section */
		207C5F4D6CFA6B99E3D5B046 /* [CP] Embed Pods Frameworks */ = {
			isa = PBXShellScriptBuildPhase;
			buildActionMask = 2147483647;
			files = (
			);
			inputFileListPaths = (
				"${PODS_ROOT}/Target Support Files/Pods-Star Wars Encyclopedia/Pods-Star Wars Encyclopedia-frameworks-${CONFIGURATION}-input-files.xcfilelist",
			);
			name = "[CP] Embed Pods Frameworks";
			outputFileListPaths = (
				"${PODS_ROOT}/Target Support Files/Pods-Star Wars Encyclopedia/Pods-Star Wars Encyclopedia-frameworks-${CONFIGURATION}-output-files.xcfilelist",
			);
			runOnlyForDeploymentPostprocessing = 0;
			shellPath = /bin/sh;
			shellScript = "\"${PODS_ROOT}/Target Support Files/Pods-Star Wars Encyclopedia/Pods-Star Wars Encyclopedia-frameworks.sh\"\n";
			showEnvVarsInLog = 0;
		};
		FCE2B4285FDC828E6D9E80E1 /* [CP] Check Pods Manifest.lock */ = {
			isa = PBXShellScriptBuildPhase;
			buildActionMask = 2147483647;
			files = (
			);
			inputFileListPaths = (
			);
			inputPaths = (
				"${PODS_PODFILE_DIR_PATH}/Podfile.lock",
				"${PODS_ROOT}/Manifest.lock",
			);
			name = "[CP] Check Pods Manifest.lock";
			outputFileListPaths = (
			);
			outputPaths = (
				"$(DERIVED_FILE_DIR)/Pods-Star Wars Encyclopedia-checkManifestLockResult.txt",
			);
			runOnlyForDeploymentPostprocessing = 0;
			shellPath = /bin/sh;
			shellScript = "diff \"${PODS_PODFILE_DIR_PATH}/Podfile.lock\" \"${PODS_ROOT}/Manifest.lock\" > /dev/null\nif [ $? != 0 ] ; then\n    # print error to STDERR\n    echo \"error: The sandbox is not in sync with the Podfile.lock. Run 'pod install' or update your CocoaPods installation.\" >&2\n    exit 1\nfi\n# This output is used by Xcode 'outputs' to avoid re-running this script phase.\necho \"SUCCESS\" > \"${SCRIPT_OUTPUT_FILE_0}\"\n";
			showEnvVarsInLog = 0;
		};
/* End PBXShellScriptBuildPhase section */

/* Begin PBXSourcesBuildPhase section */
		45668FE32A8A9C320034C7C4 /* Sources */ = {
			isa = PBXSourcesBuildPhase;
			buildActionMask = 2147483647;
			files = (
				456690172A8AA7670034C7C4 /* Color + Extensions.swift in Sources */,
				456690042A8A9ED10034C7C4 /* AppFactory.swift in Sources */,
				456690122A8AA6D40034C7C4 /* TabBarController.swift in Sources */,
				45668FF52A8A9C320034C7C4 /* Star_Wars_Encyclopedia.xcdatamodeld in Sources */,
				4566900C2A8AA43E0034C7C4 /* NetworkManager.swift in Sources */,
				8437C3A12A8DDF7800F8DDCD /* StarshipsTableViewCell.swift in Sources */,
				45668FEF2A8A9C320034C7C4 /* SearchViewController.swift in Sources */,
				8437C39F2A8DD3F600F8DDCD /* FavoriteViewModel.swift in Sources */,
				456690022A8A9EA80034C7C4 /* AppCoordinator.swift in Sources */,
				456690152A8AA7240034C7C4 /* ViewControllerExtensions.swift in Sources */,
				456690062A8AA3340034C7C4 /* Module.swift in Sources */,
				84E3F50F2A8D489900D91A7E /* SearchListCollectionViewCell.swift in Sources */,
				456690082A8AA3930034C7C4 /* Coordinatable.swift in Sources */,
				84E3F5112A8D490000D91A7E /* CustomLabel.swift in Sources */,
				45668FEB2A8A9C320034C7C4 /* AppDelegate.swift in Sources */,
				45668FED2A8A9C320034C7C4 /* SceneDelegate.swift in Sources */,
				84E3F50D2A8D466300D91A7E /* NetworkModel.swift in Sources */,
				456690192A8AA7B00034C7C4 /* SearchCoordinator.swift in Sources */,
				4566900A2A8AA3CE0034C7C4 /* SearchViewModel.swift in Sources */,
				456690102A8AA53C0034C7C4 /* FavoritesViewController.swift in Sources */,
				4566901D2A8AA8360034C7C4 /* FavoritesCoordinator.swift in Sources */,
				4566900E2A8AA4640034C7C4 /* CoreDataManager.swift in Sources */,
			);
			runOnlyForDeploymentPostprocessing = 0;
		};
/* End PBXSourcesBuildPhase section */

/* Begin PBXVariantGroup section */
		45668FF02A8A9C320034C7C4 /* Main.storyboard */ = {
			isa = PBXVariantGroup;
			children = (
				45668FF12A8A9C320034C7C4 /* Base */,
			);
			name = Main.storyboard;
			sourceTree = "<group>";
		};
		45668FF82A8A9C3D0034C7C4 /* LaunchScreen.storyboard */ = {
			isa = PBXVariantGroup;
			children = (
				45668FF92A8A9C3D0034C7C4 /* Base */,
			);
			name = LaunchScreen.storyboard;
			sourceTree = "<group>";
		};
/* End PBXVariantGroup section */

/* Begin XCBuildConfiguration section */
		45668FFC2A8A9C3D0034C7C4 /* Debug */ = {
			isa = XCBuildConfiguration;
			buildSettings = {
				ALWAYS_SEARCH_USER_PATHS = NO;
				CLANG_ANALYZER_NONNULL = YES;
				CLANG_ANALYZER_NUMBER_OBJECT_CONVERSION = YES_AGGRESSIVE;
				CLANG_CXX_LANGUAGE_STANDARD = "gnu++20";
				CLANG_ENABLE_MODULES = YES;
				CLANG_ENABLE_OBJC_ARC = YES;
				CLANG_ENABLE_OBJC_WEAK = YES;
				CLANG_WARN_BLOCK_CAPTURE_AUTORELEASING = YES;
				CLANG_WARN_BOOL_CONVERSION = YES;
				CLANG_WARN_COMMA = YES;
				CLANG_WARN_CONSTANT_CONVERSION = YES;
				CLANG_WARN_DEPRECATED_OBJC_IMPLEMENTATIONS = YES;
				CLANG_WARN_DIRECT_OBJC_ISA_USAGE = YES_ERROR;
				CLANG_WARN_DOCUMENTATION_COMMENTS = YES;
				CLANG_WARN_EMPTY_BODY = YES;
				CLANG_WARN_ENUM_CONVERSION = YES;
				CLANG_WARN_INFINITE_RECURSION = YES;
				CLANG_WARN_INT_CONVERSION = YES;
				CLANG_WARN_NON_LITERAL_NULL_CONVERSION = YES;
				CLANG_WARN_OBJC_IMPLICIT_RETAIN_SELF = YES;
				CLANG_WARN_OBJC_LITERAL_CONVERSION = YES;
				CLANG_WARN_OBJC_ROOT_CLASS = YES_ERROR;
				CLANG_WARN_QUOTED_INCLUDE_IN_FRAMEWORK_HEADER = YES;
				CLANG_WARN_RANGE_LOOP_ANALYSIS = YES;
				CLANG_WARN_STRICT_PROTOTYPES = YES;
				CLANG_WARN_SUSPICIOUS_MOVE = YES;
				CLANG_WARN_UNGUARDED_AVAILABILITY = YES_AGGRESSIVE;
				CLANG_WARN_UNREACHABLE_CODE = YES;
				CLANG_WARN__DUPLICATE_METHOD_MATCH = YES;
				COPY_PHASE_STRIP = NO;
				DEBUG_INFORMATION_FORMAT = dwarf;
				ENABLE_STRICT_OBJC_MSGSEND = YES;
				ENABLE_TESTABILITY = YES;
				GCC_C_LANGUAGE_STANDARD = gnu11;
				GCC_DYNAMIC_NO_PIC = NO;
				GCC_NO_COMMON_BLOCKS = YES;
				GCC_OPTIMIZATION_LEVEL = 0;
				GCC_PREPROCESSOR_DEFINITIONS = (
					"DEBUG=1",
					"$(inherited)",
				);
				GCC_WARN_64_TO_32_BIT_CONVERSION = YES;
				GCC_WARN_ABOUT_RETURN_TYPE = YES_ERROR;
				GCC_WARN_UNDECLARED_SELECTOR = YES;
				GCC_WARN_UNINITIALIZED_AUTOS = YES_AGGRESSIVE;
				GCC_WARN_UNUSED_FUNCTION = YES;
				GCC_WARN_UNUSED_VARIABLE = YES;
				IPHONEOS_DEPLOYMENT_TARGET = 16.1;
				MTL_ENABLE_DEBUG_INFO = INCLUDE_SOURCE;
				MTL_FAST_MATH = YES;
				ONLY_ACTIVE_ARCH = YES;
				SDKROOT = iphoneos;
				SWIFT_ACTIVE_COMPILATION_CONDITIONS = DEBUG;
				SWIFT_OPTIMIZATION_LEVEL = "-Onone";
			};
			name = Debug;
		};
		45668FFD2A8A9C3D0034C7C4 /* Release */ = {
			isa = XCBuildConfiguration;
			buildSettings = {
				ALWAYS_SEARCH_USER_PATHS = NO;
				CLANG_ANALYZER_NONNULL = YES;
				CLANG_ANALYZER_NUMBER_OBJECT_CONVERSION = YES_AGGRESSIVE;
				CLANG_CXX_LANGUAGE_STANDARD = "gnu++20";
				CLANG_ENABLE_MODULES = YES;
				CLANG_ENABLE_OBJC_ARC = YES;
				CLANG_ENABLE_OBJC_WEAK = YES;
				CLANG_WARN_BLOCK_CAPTURE_AUTORELEASING = YES;
				CLANG_WARN_BOOL_CONVERSION = YES;
				CLANG_WARN_COMMA = YES;
				CLANG_WARN_CONSTANT_CONVERSION = YES;
				CLANG_WARN_DEPRECATED_OBJC_IMPLEMENTATIONS = YES;
				CLANG_WARN_DIRECT_OBJC_ISA_USAGE = YES_ERROR;
				CLANG_WARN_DOCUMENTATION_COMMENTS = YES;
				CLANG_WARN_EMPTY_BODY = YES;
				CLANG_WARN_ENUM_CONVERSION = YES;
				CLANG_WARN_INFINITE_RECURSION = YES;
				CLANG_WARN_INT_CONVERSION = YES;
				CLANG_WARN_NON_LITERAL_NULL_CONVERSION = YES;
				CLANG_WARN_OBJC_IMPLICIT_RETAIN_SELF = YES;
				CLANG_WARN_OBJC_LITERAL_CONVERSION = YES;
				CLANG_WARN_OBJC_ROOT_CLASS = YES_ERROR;
				CLANG_WARN_QUOTED_INCLUDE_IN_FRAMEWORK_HEADER = YES;
				CLANG_WARN_RANGE_LOOP_ANALYSIS = YES;
				CLANG_WARN_STRICT_PROTOTYPES = YES;
				CLANG_WARN_SUSPICIOUS_MOVE = YES;
				CLANG_WARN_UNGUARDED_AVAILABILITY = YES_AGGRESSIVE;
				CLANG_WARN_UNREACHABLE_CODE = YES;
				CLANG_WARN__DUPLICATE_METHOD_MATCH = YES;
				COPY_PHASE_STRIP = NO;
				DEBUG_INFORMATION_FORMAT = "dwarf-with-dsym";
				ENABLE_NS_ASSERTIONS = NO;
				ENABLE_STRICT_OBJC_MSGSEND = YES;
				GCC_C_LANGUAGE_STANDARD = gnu11;
				GCC_NO_COMMON_BLOCKS = YES;
				GCC_WARN_64_TO_32_BIT_CONVERSION = YES;
				GCC_WARN_ABOUT_RETURN_TYPE = YES_ERROR;
				GCC_WARN_UNDECLARED_SELECTOR = YES;
				GCC_WARN_UNINITIALIZED_AUTOS = YES_AGGRESSIVE;
				GCC_WARN_UNUSED_FUNCTION = YES;
				GCC_WARN_UNUSED_VARIABLE = YES;
				IPHONEOS_DEPLOYMENT_TARGET = 16.1;
				MTL_ENABLE_DEBUG_INFO = NO;
				MTL_FAST_MATH = YES;
				SDKROOT = iphoneos;
				SWIFT_COMPILATION_MODE = wholemodule;
				SWIFT_OPTIMIZATION_LEVEL = "-O";
				VALIDATE_PRODUCT = YES;
			};
			name = Release;
		};
		45668FFF2A8A9C3D0034C7C4 /* Debug */ = {
			isa = XCBuildConfiguration;
			baseConfigurationReference = 6A889D8038BD10F3388849F9 /* Pods-Star Wars Encyclopedia.debug.xcconfig */;
			buildSettings = {
				ASSETCATALOG_COMPILER_APPICON_NAME = AppIcon;
				ASSETCATALOG_COMPILER_GLOBAL_ACCENT_COLOR_NAME = AccentColor;
				CODE_SIGN_STYLE = Automatic;
				CURRENT_PROJECT_VERSION = 1;
				DEVELOPMENT_TEAM = JZPU7337NX;
				GENERATE_INFOPLIST_FILE = YES;
				INFOPLIST_FILE = "Star Wars Encyclopedia/Info.plist";
				INFOPLIST_KEY_UIApplicationSupportsIndirectInputEvents = YES;
				INFOPLIST_KEY_UILaunchStoryboardName = LaunchScreen;
				INFOPLIST_KEY_UIMainStoryboardFile = "";
				INFOPLIST_KEY_UISupportedInterfaceOrientations_iPad = "UIInterfaceOrientationPortrait UIInterfaceOrientationPortraitUpsideDown UIInterfaceOrientationLandscapeLeft UIInterfaceOrientationLandscapeRight";
				INFOPLIST_KEY_UISupportedInterfaceOrientations_iPhone = "UIInterfaceOrientationPortrait UIInterfaceOrientationLandscapeLeft UIInterfaceOrientationLandscapeRight";
				LD_RUNPATH_SEARCH_PATHS = (
					"$(inherited)",
					"@executable_path/Frameworks",
				);
				MARKETING_VERSION = 1.0;
				PRODUCT_BUNDLE_IDENTIFIER = "Roman-Vronsky.Star-Wars-Encyclopedia";
				PRODUCT_NAME = "$(TARGET_NAME)";
				SWIFT_EMIT_LOC_STRINGS = YES;
				SWIFT_VERSION = 5.0;
				TARGETED_DEVICE_FAMILY = "1,2";
			};
			name = Debug;
		};
		456690002A8A9C3D0034C7C4 /* Release */ = {
			isa = XCBuildConfiguration;
			baseConfigurationReference = DD0630ACCC7A9937BDA3D7D0 /* Pods-Star Wars Encyclopedia.release.xcconfig */;
			buildSettings = {
				ASSETCATALOG_COMPILER_APPICON_NAME = AppIcon;
				ASSETCATALOG_COMPILER_GLOBAL_ACCENT_COLOR_NAME = AccentColor;
				CODE_SIGN_STYLE = Automatic;
				CURRENT_PROJECT_VERSION = 1;
				DEVELOPMENT_TEAM = JZPU7337NX;
				GENERATE_INFOPLIST_FILE = YES;
				INFOPLIST_FILE = "Star Wars Encyclopedia/Info.plist";
				INFOPLIST_KEY_UIApplicationSupportsIndirectInputEvents = YES;
				INFOPLIST_KEY_UILaunchStoryboardName = LaunchScreen;
				INFOPLIST_KEY_UIMainStoryboardFile = "";
				INFOPLIST_KEY_UISupportedInterfaceOrientations_iPad = "UIInterfaceOrientationPortrait UIInterfaceOrientationPortraitUpsideDown UIInterfaceOrientationLandscapeLeft UIInterfaceOrientationLandscapeRight";
				INFOPLIST_KEY_UISupportedInterfaceOrientations_iPhone = "UIInterfaceOrientationPortrait UIInterfaceOrientationLandscapeLeft UIInterfaceOrientationLandscapeRight";
				LD_RUNPATH_SEARCH_PATHS = (
					"$(inherited)",
					"@executable_path/Frameworks",
				);
				MARKETING_VERSION = 1.0;
				PRODUCT_BUNDLE_IDENTIFIER = "Roman-Vronsky.Star-Wars-Encyclopedia";
				PRODUCT_NAME = "$(TARGET_NAME)";
				SWIFT_EMIT_LOC_STRINGS = YES;
				SWIFT_VERSION = 5.0;
				TARGETED_DEVICE_FAMILY = "1,2";
			};
			name = Release;
		};
/* End XCBuildConfiguration section */

/* Begin XCConfigurationList section */
		45668FE22A8A9C320034C7C4 /* Build configuration list for PBXProject "Star Wars Encyclopedia" */ = {
			isa = XCConfigurationList;
			buildConfigurations = (
				45668FFC2A8A9C3D0034C7C4 /* Debug */,
				45668FFD2A8A9C3D0034C7C4 /* Release */,
			);
			defaultConfigurationIsVisible = 0;
			defaultConfigurationName = Release;
		};
		45668FFE2A8A9C3D0034C7C4 /* Build configuration list for PBXNativeTarget "Star Wars Encyclopedia" */ = {
			isa = XCConfigurationList;
			buildConfigurations = (
				45668FFF2A8A9C3D0034C7C4 /* Debug */,
				456690002A8A9C3D0034C7C4 /* Release */,
			);
			defaultConfigurationIsVisible = 0;
			defaultConfigurationName = Release;
		};
/* End XCConfigurationList section */

/* Begin XCVersionGroup section */
		45668FF32A8A9C320034C7C4 /* Star_Wars_Encyclopedia.xcdatamodeld */ = {
			isa = XCVersionGroup;
			children = (
				45668FF42A8A9C320034C7C4 /* Star_Wars_Encyclopedia.xcdatamodel */,
			);
			currentVersion = 45668FF42A8A9C320034C7C4 /* Star_Wars_Encyclopedia.xcdatamodel */;
			path = Star_Wars_Encyclopedia.xcdatamodeld;
			sourceTree = "<group>";
			versionGroupType = wrapper.xcdatamodel;
		};
/* End XCVersionGroup section */
	};
	rootObject = 45668FDF2A8A9C320034C7C4 /* Project object */;
}
